
Microsoft Visual Studio Solution File, Format Version 12.00
# Visual Studio Version 16
VisualStudioVersion = 16.0.32002.261
MinimumVisualStudioVersion = 10.0.40219.1
Project("{FAE04EC0-301F-11D3-BF4B-00C04F79EFBC}") = "WcfServer_Wilayah", "WcfServer_Wilayah.csproj", "{05C280FA-A443-4DEB-B306-CDF0946B8540}"
EndProject
Global
	GlobalSection(SolutionConfigurationPlatforms) = preSolution
		Debug|Any CPU = Debug|Any CPU
		Release|Any CPU = Release|Any CPU
	EndGlobalSection
	GlobalSection(ProjectConfigurationPlatforms) = postSolution
		{05C280FA-A443-4DEB-B306-CDF0946B8540}.Debug|Any CPU.ActiveCfg = Debug|Any CPU
		{05C280FA-A443-4DEB-B306-CDF0946B8540}.Debug|Any CPU.Build.0 = Debug|Any CPU
		{05C280FA-A443-4DEB-B306-CDF0946B8540}.Release|Any CPU.ActiveCfg = Release|Any CPU
		{05C280FA-A443-4DEB-B306-CDF0946B8540}.Release|Any CPU.Build.0 = Release|Any CPU
	EndGlobalSection
	GlobalSection(SolutionProperties) = preSolution
		HideSolutionNode = FALSE
	EndGlobalSection
	GlobalSection(ExtensibilityGlobals) = postSolution
		SolutionGuid = {7E3578D3-450E-416F-92B2-7BE306C50ECB}
	EndGlobalSection
EndGlobal
